
Microsoft Visual Studio Solution File, Format Version 12.00
# Visual Studio Version 16
VisualStudioVersion = 16.0.30907.101
MinimumVisualStudioVersion = 10.0.40219.1
Project("{FAE04EC0-301F-11D3-BF4B-00C04F79EFBC}") = "IssueTracker", "IssueTracker\IssueTracker.csproj", "{405A6492-F54A-4DA3-B969-CCBDE337AEEE}"
EndProject
Global
	GlobalSection(SolutionConfigurationPlatforms) = preSolution
		Debug|Any CPU = Debug|Any CPU
		Release|Any CPU = Release|Any CPU
	EndGlobalSection
	GlobalSection(ProjectConfigurationPlatforms) = postSolution
		{405A6492-F54A-4DA3-B969-CCBDE337AEEE}.Debug|Any CPU.ActiveCfg = Debug|Any CPU
		{405A6492-F54A-4DA3-B969-CCBDE337AEEE}.Debug|Any CPU.Build.0 = Debug|Any CPU
		{405A6492-F54A-4DA3-B969-CCBDE337AEEE}.Release|Any CPU.ActiveCfg = Release|Any CPU
		{405A6492-F54A-4DA3-B969-CCBDE337AEEE}.Release|Any CPU.Build.0 = Release|Any CPU
	EndGlobalSection
	GlobalSection(SolutionProperties) = preSolution
		HideSolutionNode = FALSE
	EndGlobalSection
	GlobalSection(ExtensibilityGlobals) = postSolution
		SolutionGuid = {D2F0F45C-E776-4E75-856F-42DC73D52F9B}
	EndGlobalSection
EndGlobal
